schema: '2.0'
stages:
  train:
    cmd: python3 train.py
    deps:
    - path: data
      hash: md5
      md5: 92a6014384817260a0bafdcc48304341.dir
      size: 91997
      nfiles: 1
    - path: train.py
      hash: md5
      md5: 175835ca849a40472e5d4dee51d2f7e3
      size: 3586
    outs:
    - path: metrics.csv
      hash: md5
      md5: 418bd13b2c66b335f98a97accb4a6077
      size: 28
    - path: models/model.joblib
      hash: md5
      md5: 868a1ad96451406a64f4f8dda3d3c4f4
      size: 3433345
