schema: '2.0'
stages:
  train:
    cmd: python3 train.py
    deps:
    - path: data
      hash: md5
      md5: 9ed17f50c1a7b3ce7168a409d9991841.dir
      size: 91999
      nfiles: 1
    - path: train.py
      hash: md5
      md5: c9f229d49dcf3967361b4d3386b3549b
      size: 3585
    outs:
    - path: metrics.csv
      hash: md5
      md5: a086d8111c283421a2f5c86169315bb4
      size: 44
    - path: models/model.joblib
      hash: md5
      md5: 5d5c9adb906574c0687569c2811791f4
      size: 352177
